// !$*UTF8*$!
{
	archiveVersion = 1;
	classes = {
	};
	objectVersion = 46;
	objects = {

/* Begin PBXBuildFile section */
		C82B1B241A6920C2000A9A8B /* main.m in Sources */ = {isa = PBXBuildFile; fileRef = C82B1B231A6920C1000A9A8B /* main.m */; };
		C82B1B271A6920C2000A9A8B /* AppDelegate.m in Sources */ = {isa = PBXBuildFile; fileRef = C82B1B261A6920C2000A9A8B /* AppDelegate.m */; };
		C82B1B2A1A6920C2000A9A8B /* FirstViewController.m in Sources */ = {isa = PBXBuildFile; fileRef = C82B1B291A6920C2000A9A8B /* FirstViewController.m */; };
		C82B1B2D1A6920C2000A9A8B /* SecondViewController.m in Sources */ = {isa = PBXBuildFile; fileRef = C82B1B2C1A6920C2000A9A8B /* SecondViewController.m */; };
		C82B1B301A6920C2000A9A8B /* Main.storyboard in Resources */ = {isa = PBXBuildFile; fileRef = C82B1B2E1A6920C2000A9A8B /* Main.storyboard */; };
		C82B1B321A6920C2000A9A8B /* Images.xcassets in Resources */ = {isa = PBXBuildFile; fileRef = C82B1B311A6920C2000A9A8B /* Images.xcassets */; };
		C82B1B351A6920C2000A9A8B /* LaunchScreen.xib in Resources */ = {isa = PBXBuildFile; fileRef = C82B1B331A6920C2000A9A8B /* LaunchScreen.xib */; };
		C82B1B411A6920C2000A9A8B /* ArtyScopeTests.m in Sources */ = {isa = PBXBuildFile; fileRef = C82B1B401A6920C2000A9A8B /* ArtyScopeTests.m */; };
/* End PBXBuildFile section */

/* Begin PBXContainerItemProxy section */
		C82B1B3B1A6920C2000A9A8B /* PBXContainerItemProxy */ = {
			isa = PBXContainerItemProxy;
			containerPortal = C82B1B161A6920C1000A9A8B /* Project object */;
			proxyType = 1;
			remoteGlobalIDString = C82B1B1D1A6920C1000A9A8B;
			remoteInfo = ArtyScope;
		};
/* End PBXContainerItemProxy section */

/* Begin PBXFileReference section */
		C82B1B1E1A6920C1000A9A8B /* ArtyScope.app */ = {isa = PBXFileReference; explicitFileType = wrapper.application; includeInIndex = 0; path = ArtyScope.app; sourceTree = BUILT_PRODUCTS_DIR; };
		C82B1B221A6920C1000A9A8B /* Info.plist */ = {isa = PBXFileReference; lastKnownFileType = text.plist.xml; path = Info.plist; sourceTree = "<group>"; };
		C82B1B231A6920C1000A9A8B /* main.m */ = {isa = PBXFileReference; lastKnownFileType = sourcecode.c.objc; path = main.m; sourceTree = "<group>"; };
		C82B1B251A6920C2000A9A8B /* AppDelegate.h */ = {isa = PBXFileReference; lastKnownFileType = sourcecode.c.h; path = AppDelegate.h; sourceTree = "<group>"; };
		C82B1B261A6920C2000A9A8B /* AppDelegate.m */ = {isa = PBXFileReference; lastKnownFileType = sourcecode.c.objc; path = AppDelegate.m; sourceTree = "<group>"; };
		C82B1B281A6920C2000A9A8B /* FirstViewController.h */ = {isa = PBXFileReference; lastKnownFileType = sourcecode.c.h; path = FirstViewController.h; sourceTree = "<group>"; };
		C82B1B291A6920C2000A9A8B /* FirstViewController.m */ = {isa = PBXFileReference; lastKnownFileType = sourcecode.c.objc; path = FirstViewController.m; sourceTree = "<group>"; };
		C82B1B2B1A6920C2000A9A8B /* SecondViewController.h */ = {isa = PBXFileReference; lastKnownFileType = sourcecode.c.h; path = SecondViewController.h; sourceTree = "<group>"; };
		C82B1B2C1A6920C2000A9A8B /* SecondViewController.m */ = {isa = PBXFileReference; lastKnownFileType = sourcecode.c.objc; path = SecondViewController.m; sourceTree = "<group>"; };
		C82B1B2F1A6920C2000A9A8B /* Base */ = {isa = PBXFileReference; lastKnownFileType = file.storyboard; name = Base; path = Base.lproj/Main.storyboard; sourceTree = "<group>"; };
		C82B1B311A6920C2000A9A8B /* Images.xcassets */ = {isa = PBXFileReference; lastKnownFileType = folder.assetcatalog; path = Images.xcassets; sourceTree = "<group>"; };
		C82B1B341A6920C2000A9A8B /* Base */ = {isa = PBXFileReference; lastKnownFileType = file.xib; name = Base; path = Base.lproj/LaunchScreen.xib; sourceTree = "<group>"; };
		C82B1B3A1A6920C2000A9A8B /* ArtyScopeTests.xctest */ = {isa = PBXFileReference; explicitFileType = wrapper.cfbundle; includeInIndex = 0; path = ArtyScopeTests.xctest; sourceTree = BUILT_PRODUCTS_DIR; };
		C82B1B3F1A6920C2000A9A8B /* Info.plist */ = {isa = PBXFileReference; lastKnownFileType = text.plist.xml; path = Info.plist; sourceTree = "<group>"; };
		C82B1B401A6920C2000A9A8B /* ArtyScopeTests.m */ = {isa = PBXFileReference; lastKnownFileType = sourcecode.c.objc; path = ArtyScopeTests.m; sourceTree = "<group>"; };
/* End PBXFileReference section */

/* Begin PBXFrameworksBuildPhase section */
		C82B1B1B1A6920C1000A9A8B /* Frameworks */ = {
			isa = PBXFrameworksBuildPhase;
			buildActionMask = 2147483647;
			files = (
			);
			runOnlyForDeploymentPostprocessing = 0;
		};
		C82B1B371A6920C2000A9A8B /* Frameworks */ = {
			isa = PBXFrameworksBuildPhase;
			buildActionMask = 2147483647;
			files = (
			);
			runOnlyForDeploymentPostprocessing = 0;
		};
/* End PBXFrameworksBuildPhase section */

/* Begin PBXGroup section */
		C82B1B151A6920C0000A9A8B = {
			isa = PBXGroup;
			children = (
				C82B1B201A6920C1000A9A8B /* ArtyScope */,
				C82B1B3D1A6920C2000A9A8B /* ArtyScopeTests */,
				C82B1B1F1A6920C1000A9A8B /* Products */,
			);
			sourceTree = "<group>";
		};
		C82B1B1F1A6920C1000A9A8B /* Products */ = {
			isa = PBXGroup;
			children = (
				C82B1B1E1A6920C1000A9A8B /* ArtyScope.app */,
				C82B1B3A1A6920C2000A9A8B /* ArtyScopeTests.xctest */,
			);
			name = Products;
			sourceTree = "<group>";
		};
		C82B1B201A6920C1000A9A8B /* ArtyScope */ = {
			isa = PBXGroup;
			children = (
				C82B1B251A6920C2000A9A8B /* AppDelegate.h */,
				C82B1B261A6920C2000A9A8B /* AppDelegate.m */,
				C82B1B281A6920C2000A9A8B /* FirstViewController.h */,
				C82B1B291A6920C2000A9A8B /* FirstViewController.m */,
				C82B1B2B1A6920C2000A9A8B /* SecondViewController.h */,
				C82B1B2C1A6920C2000A9A8B /* SecondViewController.m */,
				C82B1B2E1A6920C2000A9A8B /* Main.storyboard */,
				C82B1B311A6920C2000A9A8B /* Images.xcassets */,
				C82B1B331A6920C2000A9A8B /* LaunchScreen.xib */,
				C82B1B211A6920C1000A9A8B /* Supporting Files */,
			);
			path = ArtyScope;
			sourceTree = "<group>";
		};
		C82B1B211A6920C1000A9A8B /* Supporting Files */ = {
			isa = PBXGroup;
			children = (
				C82B1B221A6920C1000A9A8B /* Info.plist */,
				C82B1B231A6920C1000A9A8B /* main.m */,
			);
			name = "Supporting Files";
			sourceTree = "<group>";
		};
		C82B1B3D1A6920C2000A9A8B /* ArtyScopeTests */ = {
			isa = PBXGroup;
			children = (
				C82B1B401A6920C2000A9A8B /* ArtyScopeTests.m */,
				C82B1B3E1A6920C2000A9A8B /* Supporting Files */,
			);
			path = ArtyScopeTests;
			sourceTree = "<group>";
		};
		C82B1B3E1A6920C2000A9A8B /* Supporting Files */ = {
			isa = PBXGroup;
			children = (
				C82B1B3F1A6920C2000A9A8B /* Info.plist */,
			);
			name = "Supporting Files";
			sourceTree = "<group>";
		};
/* End PBXGroup section */

/* Begin PBXNativeTarget section */
		C82B1B1D1A6920C1000A9A8B /* ArtyScope */ = {
			isa = PBXNativeTarget;
			buildConfigurationList = C82B1B441A6920C2000A9A8B /* Build configuration list for PBXNativeTarget "ArtyScope" */;
			buildPhases = (
				C82B1B1A1A6920C1000A9A8B /* Sources */,
				C82B1B1B1A6920C1000A9A8B /* Frameworks */,
				C82B1B1C1A6920C1000A9A8B /* Resources */,
			);
			buildRules = (
			);
			dependencies = (
			);
			name = ArtyScope;
			productName = ArtyScope;
			productReference = C82B1B1E1A6920C1000A9A8B /* ArtyScope.app */;
			productType = "com.apple.product-type.application";
		};
		C82B1B391A6920C2000A9A8B /* ArtyScopeTests */ = {
			isa = PBXNativeTarget;
			buildConfigurationList = C82B1B471A6920C2000A9A8B /* Build configuration list for PBXNativeTarget "ArtyScopeTests" */;
			buildPhases = (
				C82B1B361A6920C2000A9A8B /* Sources */,
				C82B1B371A6920C2000A9A8B /* Frameworks */,
				C82B1B381A6920C2000A9A8B /* Resources */,
			);
			buildRules = (
			);
			dependencies = (
				C82B1B3C1A6920C2000A9A8B /* PBXTargetDependency */,
			);
			name = ArtyScopeTests;
			productName = ArtyScopeTests;
			productReference = C82B1B3A1A6920C2000A9A8B /* ArtyScopeTests.xctest */;
			productType = "com.apple.product-type.bundle.unit-test";
		};
/* End PBXNativeTarget section */

/* Begin PBXProject section */
		C82B1B161A6920C1000A9A8B /* Project object */ = {
			isa = PBXProject;
			attributes = {
				LastUpgradeCheck = 0610;
				ORGANIZATIONNAME = "Sophie Neppelenbroek";
				TargetAttributes = {
					C82B1B1D1A6920C1000A9A8B = {
						CreatedOnToolsVersion = 6.1;
					};
					C82B1B391A6920C2000A9A8B = {
						CreatedOnToolsVersion = 6.1;
						TestTargetID = C82B1B1D1A6920C1000A9A8B;
					};
				};
			};
			buildConfigurationList = C82B1B191A6920C1000A9A8B /* Build configuration list for PBXProject "ArtyScope" */;
			compatibilityVersion = "Xcode 3.2";
			developmentRegion = English;
			hasScannedForEncodings = 0;
			knownRegions = (
				en,
				Base,
			);
			mainGroup = C82B1B151A6920C0000A9A8B;
			productRefGroup = C82B1B1F1A6920C1000A9A8B /* Products */;
			projectDirPath = "";
			projectRoot = "";
			targets = (
				C82B1B1D1A6920C1000A9A8B /* ArtyScope */,
				C82B1B391A6920C2000A9A8B /* ArtyScopeTests */,
			);
		};
/* End PBXProject section */

/* Begin PBXResourcesBuildPhase section */
		C82B1B1C1A6920C1000A9A8B /* Resources */ = {
			isa = PBXResourcesBuildPhase;
			buildActionMask = 2147483647;
			files = (
				C82B1B301A6920C2000A9A8B /* Main.storyboard in Resources */,
				C82B1B351A6920C2000A9A8B /* LaunchScreen.xib in Resources */,
				C82B1B321A6920C2000A9A8B /* Images.xcassets in Resources */,
			);
			runOnlyForDeploymentPostprocessing = 0;
		};
		C82B1B381A6920C2000A9A8B /* Resources */ = {
			isa = PBXResourcesBuildPhase;
			buildActionMask = 2147483647;
			files = (
			);
			runOnlyForDeploymentPostprocessing = 0;
		};
/* End PBXResourcesBuildPhase section */

/* Begin PBXSourcesBuildPhase section */
		C82B1B1A1A6920C1000A9A8B /* Sources */ = {
			isa = PBXSourcesBuildPhase;
			buildActionMask = 2147483647;
			files = (
				C82B1B2D1A6920C2000A9A8B /* SecondViewController.m in Sources */,
				C82B1B271A6920C2000A9A8B /* AppDelegate.m in Sources */,
				C82B1B2A1A6920C2000A9A8B /* FirstViewController.m in Sources */,
				C82B1B241A6920C2000A9A8B /* main.m in Sources */,
			);
			runOnlyForDeploymentPostprocessing = 0;
		};
		C82B1B361A6920C2000A9A8B /* Sources */ = {
			isa = PBXSourcesBuildPhase;
			buildActionMask = 2147483647;
			files = (
				C82B1B411A6920C2000A9A8B /* ArtyScopeTests.m in Sources */,
			);
			runOnlyForDeploymentPostprocessing = 0;
		};
/* End PBXSourcesBuildPhase section */

/* Begin PBXTargetDependency section */
		C82B1B3C1A6920C2000A9A8B /* PBXTargetDependency */ = {
			isa = PBXTargetDependency;
			target = C82B1B1D1A6920C1000A9A8B /* ArtyScope */;
			targetProxy = C82B1B3B1A6920C2000A9A8B /* PBXContainerItemProxy */;
		};
/* End PBXTargetDependency section */

/* Begin PBXVariantGroup section */
		C82B1B2E1A6920C2000A9A8B /* Main.storyboard */ = {
			isa = PBXVariantGroup;
			children = (
				C82B1B2F1A6920C2000A9A8B /* Base */,
			);
			name = Main.storyboard;
			sourceTree = "<group>";
		};
		C82B1B331A6920C2000A9A8B /* LaunchScreen.xib */ = {
			isa = PBXVariantGroup;
			children = (
				C82B1B341A6920C2000A9A8B /* Base */,
			);
			name = LaunchScreen.xib;
			sourceTree = "<group>";
		};
/* End PBXVariantGroup section */

/* Begin XCBuildConfiguration section */
		C82B1B421A6920C2000A9A8B /* Debug */ = {
			isa = XCBuildConfiguration;
			buildSettings = {
				ALWAYS_SEARCH_USER_PATHS = NO;
				CLANG_CXX_LANGUAGE_STANDARD = "gnu++0x";
				CLANG_CXX_LIBRARY = "libc++";
				CLANG_ENABLE_MODULES = YES;
				CLANG_ENABLE_OBJC_ARC = YES;
				CLANG_WARN_BOOL_CONVERSION = YES;
				CLANG_WARN_CONSTANT_CONVERSION = YES;
				CLANG_WARN_DIRECT_OBJC_ISA_USAGE = YES_ERROR;
				CLANG_WARN_EMPTY_BODY = YES;
				CLANG_WARN_ENUM_CONVERSION = YES;
				CLANG_WARN_INT_CONVERSION = YES;
				CLANG_WARN_OBJC_ROOT_CLASS = YES_ERROR;
				CLANG_WARN_UNREACHABLE_CODE = YES;
				CLANG_WARN__DUPLICATE_METHOD_MATCH = YES;
				"CODE_SIGN_IDENTITY[sdk=iphoneos*]" = "iPhone Developer";
				COPY_PHASE_STRIP = NO;
				ENABLE_STRICT_OBJC_MSGSEND = YES;
				GCC_C_LANGUAGE_STANDARD = gnu99;
				GCC_DYNAMIC_NO_PIC = NO;
				GCC_OPTIMIZATION_LEVEL = 0;
				GCC_PREPROCESSOR_DEFINITIONS = (
					"DEBUG=1",
					"$(inherited)",
				);
				GCC_SYMBOLS_PRIVATE_EXTERN = NO;
				GCC_WARN_64_TO_32_BIT_CONVERSION = YES;
				GCC_WARN_ABOUT_RETURN_TYPE = YES_ERROR;
				GCC_WARN_UNDECLARED_SELECTOR = YES;
				GCC_WARN_UNINITIALIZED_AUTOS = YES_AGGRESSIVE;
				GCC_WARN_UNUSED_FUNCTION = YES;
				GCC_WARN_UNUSED_VARIABLE = YES;
				IPHONEOS_DEPLOYMENT_TARGET = 8.1;
				MTL_ENABLE_DEBUG_INFO = YES;
				ONLY_ACTIVE_ARCH = YES;
				SDKROOT = iphoneos;
				TARGETED_DEVICE_FAMILY = "1,2";
			};
			name = Debug;
		};
		C82B1B431A6920C2000A9A8B /* Release */ = {
			isa = XCBuildConfiguration;
			buildSettings = {
				ALWAYS_SEARCH_USER_PATHS = NO;
				CLANG_CXX_LANGUAGE_STANDARD = "gnu++0x";
				CLANG_CXX_LIBRARY = "libc++";
				CLANG_ENABLE_MODULES = YES;
				CLANG_ENABLE_OBJC_ARC = YES;
				CLANG_WARN_BOOL_CONVERSION = YES;
				CLANG_WARN_CONSTANT_CONVERSION = YES;
				CLANG_WARN_DIRECT_OBJC_ISA_USAGE = YES_ERROR;
				CLANG_WARN_EMPTY_BODY = YES;
				CLANG_WARN_ENUM_CONVERSION = YES;
				CLANG_WARN_INT_CONVERSION = YES;
				CLANG_WARN_OBJC_ROOT_CLASS = YES_ERROR;
				CLANG_WARN_UNREACHABLE_CODE = YES;
				CLANG_WARN__DUPLICATE_METHOD_MATCH = YES;
				"CODE_SIGN_IDENTITY[sdk=iphoneos*]" = "iPhone Developer";
				COPY_PHASE_STRIP = YES;
				ENABLE_NS_ASSERTIONS = NO;
				ENABLE_STRICT_OBJC_MSGSEND = YES;
				GCC_C_LANGUAGE_STANDARD = gnu99;
				GCC_WARN_64_TO_32_BIT_CONVERSION = YES;
				GCC_WARN_ABOUT_RETURN_TYPE = YES_ERROR;
				GCC_WARN_UNDECLARED_SELECTOR = YES;
				GCC_WARN_UNINITIALIZED_AUTOS = YES_AGGRESSIVE;
				GCC_WARN_UNUSED_FUNCTION = YES;
				GCC_WARN_UNUSED_VARIABLE = YES;
				IPHONEOS_DEPLOYMENT_TARGET = 8.1;
				MTL_ENABLE_DEBUG_INFO = NO;
				SDKROOT = iphoneos;
				TARGETED_DEVICE_FAMILY = "1,2";
				VALIDATE_PRODUCT = YES;
			};
			name = Release;
		};
		C82B1B451A6920C2000A9A8B /* Debug */ = {
			isa = XCBuildConfiguration;
			buildSettings = {
				ASSETCATALOG_COMPILER_APPICON_NAME = AppIcon;
				INFOPLIST_FILE = ArtyScope/Info.plist;
				LD_RUNPATH_SEARCH_PATHS = "$(inherited) @executable_path/Frameworks";
				PRODUCT_NAME = "$(TARGET_NAME)";
				TARGETED_DEVICE_FAMILY = 1;
			};
			name = Debug;
		};
		C82B1B461A6920C2000A9A8B /* Release */ = {
			isa = XCBuildConfiguration;
			buildSettings = {
				ASSETCATALOG_COMPILER_APPICON_NAME = AppIcon;
				INFOPLIST_FILE = ArtyScope/Info.plist;
				LD_RUNPATH_SEARCH_PATHS = "$(inherited) @executable_path/Frameworks";
				PRODUCT_NAME = "$(TARGET_NAME)";
				TARGETED_DEVICE_FAMILY = 1;
			};
			name = Release;
		};
		C82B1B481A6920C2000A9A8B /* Debug */ = {
			isa = XCBuildConfiguration;
			buildSettings = {
				BUNDLE_LOADER = "$(TEST_HOST)";
				FRAMEWORK_SEARCH_PATHS = (
					"$(SDKROOT)/Developer/Library/Frameworks",
					"$(inherited)",
				);
				GCC_PREPROCESSOR_DEFINITIONS = (
					"DEBUG=1",
					"$(inherited)",
				);
				INFOPLIST_FILE = ArtyScopeTests/Info.plist;
				LD_RUNPATH_SEARCH_PATHS = "$(inherited) @executable_path/Frameworks @loader_path/Frameworks";
				PRODUCT_NAME = "$(TARGET_NAME)";
				TEST_HOST = "$(BUILT_PRODUCTS_DIR)/ArtyScope.app/ArtyScope";
			};
			name = Debug;
		};
		C82B1B491A6920C2000A9A8B /* Release */ = {
			isa = XCBuildConfiguration;
			buildSettings = {
				BUNDLE_LOADER = "$(TEST_HOST)";
				FRAMEWORK_SEARCH_PATHS = (
					"$(SDKROOT)/Developer/Library/Frameworks",
					"$(inherited)",
				);
				INFOPLIST_FILE = ArtyScopeTests/Info.plist;
				LD_RUNPATH_SEARCH_PATHS = "$(inherited) @executable_path/Frameworks @loader_path/Frameworks";
				PRODUCT_NAME = "$(TARGET_NAME)";
				TEST_HOST = "$(BUILT_PRODUCTS_DIR)/ArtyScope.app/ArtyScope";
			};
			name = Release;
		};
/* End XCBuildConfiguration section */

/* Begin XCConfigurationList section */
		C82B1B191A6920C1000A9A8B /* Build configuration list for PBXProject "ArtyScope" */ = {
			isa = XCConfigurationList;
			buildConfigurations = (
				C82B1B421A6920C2000A9A8B /* Debug */,
				C82B1B431A6920C2000A9A8B /* Release */,
			);
			defaultConfigurationIsVisible = 0;
			defaultConfigurationName = Release;
		};
		C82B1B441A6920C2000A9A8B /* Build configuration list for PBXNativeTarget "ArtyScope" */ = {
			isa = XCConfigurationList;
			buildConfigurations = (
				C82B1B451A6920C2000A9A8B /* Debug */,
				C82B1B461A6920C2000A9A8B /* Release */,
			);
			defaultConfigurationIsVisible = 0;
		};
		C82B1B471A6920C2000A9A8B /* Build configuration list for PBXNativeTarget "ArtyScopeTests" */ = {
			isa = XCConfigurationList;
			buildConfigurations = (
				C82B1B481A6920C2000A9A8B /* Debug */,
				C82B1B491A6920C2000A9A8B /* Release */,
			);
			defaultConfigurationIsVisible = 0;
		};
/* End XCConfigurationList section */
	};
	rootObject = C82B1B161A6920C1000A9A8B /* Project object */;
}
